Microsoft Visual Studio Solution File, Format Version 12.00
# Visual Studio Version 17
VisualStudioVersion = 17.5.2.0
MinimumVisualStudioVersion = 10.0.40219.1
Project("{FAE04EC0-301F-11D3-BF4B-00C04F79EFBC}") = "OpenTAA", "OpenTAA\OpenTAA.csproj", "{F76369D6-6759-5C33-C644-F8B6B31B07F0}"
EndProject
Global
	GlobalSection(SolutionConfigurationPlatforms) = preSolution
		Debug|Any CPU = Debug|Any CPU
		Release|Any CPU = Release|Any CPU
	EndGlobalSection
	GlobalSection(ProjectConfigurationPlatforms) = postSolution
		{F76369D6-6759-5C33-C644-F8B6B31B07F0}.Debug|Any CPU.ActiveCfg = Debug|Any CPU
		{F76369D6-6759-5C33-C644-F8B6B31B07F0}.Debug|Any CPU.Build.0 = Debug|Any CPU
		{F76369D6-6759-5C33-C644-F8B6B31B07F0}.Release|Any CPU.ActiveCfg = Release|Any CPU
		{F76369D6-6759-5C33-C644-F8B6B31B07F0}.Release|Any CPU.Build.0 = Release|Any CPU
	EndGlobalSection
	GlobalSection(SolutionProperties) = preSolution
		HideSolutionNode = FALSE
	EndGlobalSection
	GlobalSection(ExtensibilityGlobals) = postSolution
		SolutionGuid = {0A7ECC98-ACA6-44FF-B759-448B1927E3F6}
	EndGlobalSection
EndGlobal
